
Microsoft Visual Studio Solution File, Format Version 12.00
# Visual Studio Version 17
VisualStudioVersion = 17.0.32126.317
MinimumVisualStudioVersion = 10.0.40219.1
Project("{FAE04EC0-301F-11D3-BF4B-00C04F79EFBC}") = "lab2", "lab2.csproj", "{DDCBF8E6-F3FE-408A-B1D5-6945D6DDB8F8}"
EndProject
Global
	GlobalSection(SolutionConfigurationPlatforms) = preSolution
		Debug|Any CPU = Debug|Any CPU
		Release|Any CPU = Release|Any CPU
	EndGlobalSection
	GlobalSection(ProjectConfigurationPlatforms) = postSolution
		{DDCBF8E6-F3FE-408A-B1D5-6945D6DDB8F8}.Debug|Any CPU.ActiveCfg = Debug|Any CPU
		{DDCBF8E6-F3FE-408A-B1D5-6945D6DDB8F8}.Debug|Any CPU.Build.0 = Debug|Any CPU
		{DDCBF8E6-F3FE-408A-B1D5-6945D6DDB8F8}.Release|Any CPU.ActiveCfg = Release|Any CPU
		{DDCBF8E6-F3FE-408A-B1D5-6945D6DDB8F8}.Release|Any CPU.Build.0 = Release|Any CPU
	EndGlobalSection
	GlobalSection(SolutionProperties) = preSolution
		HideSolutionNode = FALSE
	EndGlobalSection
	GlobalSection(ExtensibilityGlobals) = postSolution
		SolutionGuid = {655C7DB2-1B06-4EF5-9EF0-9A71241F4AA6}
	EndGlobalSection
EndGlobal
